{
  "name": "npm-proj-1709415020960-0.4954646755900926fOJtf",
  "lockfileVersion": 2,
  "requires": true,
  "packages": {
    "": {
      "dependencies": {
        "@openzeppelin/contracts": "^4.9.6",
        "solmate": "^6.7.0"
      }
    },
    "node_modules/@openzeppelin/contracts": {
      "version": "4.9.6",
      "resolved": "https://registry.npmjs.org/@openzeppelin/contracts/-/contracts-4.9.6.tgz",
      "integrity": "sha512-xSmezSupL+y9VkHZJGDoCBpmnB2ogM13ccaYDWqJTfS3dbuHkgjuwDFUmaFauBCboQMGB/S5UqUl2y54X99BmA=="
    },
    "node_modules/solmate": {
      "version": "6.7.0",
      "resolved": "https://registry.npmjs.org/solmate/-/solmate-6.7.0.tgz",
      "integrity": "sha512-iMPr+gKbKjXBB12a+Iz5Tua5r7T4yugHaGXDWSJbBZB4Gr3vLeUUvKeLyMxCWWqk1xlLhFDFFuAmOzeyVBuyvQ=="
    }
  },
  "dependencies": {
    "@openzeppelin/contracts": {
      "version": "4.9.6",
      "resolved": "https://registry.npmjs.org/@openzeppelin/contracts/-/contracts-4.9.6.tgz",
      "integrity": "sha512-xSmezSupL+y9VkHZJGDoCBpmnB2ogM13ccaYDWqJTfS3dbuHkgjuwDFUmaFauBCboQMGB/S5UqUl2y54X99BmA=="
    },
    "solmate": {
      "version": "6.7.0",
      "resolved": "https://registry.npmjs.org/solmate/-/solmate-6.7.0.tgz",
      "integrity": "sha512-iMPr+gKbKjXBB12a+Iz5Tua5r7T4yugHaGXDWSJbBZB4Gr3vLeUUvKeLyMxCWWqk1xlLhFDFFuAmOzeyVBuyvQ=="
    }
  }
}
