{
  "name": "npm-proj-1699847356610-0.3106387051471122AFlTLh",
  "lockfileVersion": 2,
  "requires": true,
  "packages": {
    "": {
      "dependencies": {
        "@openzeppelin/contracts": "^4.9.3",
        "solmate": "^6.7.0"
      }
    },
    "node_modules/@openzeppelin/contracts": {
      "version": "4.9.3",
      "resolved": "https://registry.npmjs.org/@openzeppelin/contracts/-/contracts-4.9.3.tgz",
      "integrity": "sha512-He3LieZ1pP2TNt5JbkPA4PNT9WC3gOTOlDcFGJW4Le4QKqwmiNJCRt44APfxMxvq7OugU/cqYuPcSBzOw38DAg=="
    },
    "node_modules/solmate": {
      "version": "6.7.0",
      "resolved": "https://registry.npmjs.org/solmate/-/solmate-6.7.0.tgz",
      "integrity": "sha512-iMPr+gKbKjXBB12a+Iz5Tua5r7T4yugHaGXDWSJbBZB4Gr3vLeUUvKeLyMxCWWqk1xlLhFDFFuAmOzeyVBuyvQ=="
    }
  },
  "dependencies": {
    "@openzeppelin/contracts": {
      "version": "4.9.3",
      "resolved": "https://registry.npmjs.org/@openzeppelin/contracts/-/contracts-4.9.3.tgz",
      "integrity": "sha512-He3LieZ1pP2TNt5JbkPA4PNT9WC3gOTOlDcFGJW4Le4QKqwmiNJCRt44APfxMxvq7OugU/cqYuPcSBzOw38DAg=="
    },
    "solmate": {
      "version": "6.7.0",
      "resolved": "https://registry.npmjs.org/solmate/-/solmate-6.7.0.tgz",
      "integrity": "sha512-iMPr+gKbKjXBB12a+Iz5Tua5r7T4yugHaGXDWSJbBZB4Gr3vLeUUvKeLyMxCWWqk1xlLhFDFFuAmOzeyVBuyvQ=="
    }
  }
}
